// !$*UTF8*$!
{
	archiveVersion = 1;
	classes = {
	};
	objectVersion = 46;
	objects = {

/* Begin PBXBuildFile section */
		B4C654A91AB9E47500A889F9 /* AppDelegate.swift in Sources */ = {isa = PBXBuildFile; fileRef = B4C654A81AB9E47500A889F9 /* AppDelegate.swift */; };
		B4C654AB1AB9E47600A889F9 /* ViewController.swift in Sources */ = {isa = PBXBuildFile; fileRef = B4C654AA1AB9E47600A889F9 /* ViewController.swift */; };
		B4C654AE1AB9E47600A889F9 /* Main.storyboard in Resources */ = {isa = PBXBuildFile; fileRef = B4C654AC1AB9E47600A889F9 /* Main.storyboard */; };
		B4C654B01AB9E47600A889F9 /* Images.xcassets in Resources */ = {isa = PBXBuildFile; fileRef = B4C654AF1AB9E47600A889F9 /* Images.xcassets */; };
		B4C654B31AB9E47600A889F9 /* LaunchScreen.xib in Resources */ = {isa = PBXBuildFile; fileRef = B4C654B11AB9E47600A889F9 /* LaunchScreen.xib */; };
		B4C654BF1AB9E47600A889F9 /* PostcardPlusTests.swift in Sources */ = {isa = PBXBuildFile; fileRef = B4C654BE1AB9E47600A889F9 /* PostcardPlusTests.swift */; };
/* End PBXBuildFile section */

/* Begin PBXContainerItemProxy section */
		B4C654B91AB9E47600A889F9 /* PBXContainerItemProxy */ = {
			isa = PBXContainerItemProxy;
			containerPortal = B4C6549B1AB9E47500A889F9 /* Project object */;
			proxyType = 1;
			remoteGlobalIDString = B4C654A21AB9E47500A889F9;
			remoteInfo = PostcardPlus;
		};
/* End PBXContainerItemProxy section */

/* Begin PBXFileReference section */
		B4C654A31AB9E47500A889F9 /* PostcardPlus.app */ = {isa = PBXFileReference; explicitFileType = wrapper.application; includeInIndex = 0; path = PostcardPlus.app; sourceTree = BUILT_PRODUCTS_DIR; };
		B4C654A71AB9E47500A889F9 /* Info.plist */ = {isa = PBXFileReference; lastKnownFileType = text.plist.xml; path = Info.plist; sourceTree = "<group>"; };
		B4C654A81AB9E47500A889F9 /* AppDelegate.swift */ = {isa = PBXFileReference; lastKnownFileType = sourcecode.swift; path = AppDelegate.swift; sourceTree = "<group>"; };
		B4C654AA1AB9E47600A889F9 /* ViewController.swift */ = {isa = PBXFileReference; lastKnownFileType = sourcecode.swift; path = ViewController.swift; sourceTree = "<group>"; };
		B4C654AD1AB9E47600A889F9 /* Base */ = {isa = PBXFileReference; lastKnownFileType = file.storyboard; name = Base; path = Base.lproj/Main.storyboard; sourceTree = "<group>"; };
		B4C654AF1AB9E47600A889F9 /* Images.xcassets */ = {isa = PBXFileReference; lastKnownFileType = folder.assetcatalog; path = Images.xcassets; sourceTree = "<group>"; };
		B4C654B21AB9E47600A889F9 /* Base */ = {isa = PBXFileReference; lastKnownFileType = file.xib; name = Base; path = Base.lproj/LaunchScreen.xib; sourceTree = "<group>"; };
		B4C654B81AB9E47600A889F9 /* PostcardPlusTests.xctest */ = {isa = PBXFileReference; explicitFileType = wrapper.cfbundle; includeInIndex = 0; path = PostcardPlusTests.xctest; sourceTree = BUILT_PRODUCTS_DIR; };
		B4C654BD1AB9E47600A889F9 /* Info.plist */ = {isa = PBXFileReference; lastKnownFileType = text.plist.xml; path = Info.plist; sourceTree = "<group>"; };
		B4C654BE1AB9E47600A889F9 /* PostcardPlusTests.swift */ = {isa = PBXFileReference; lastKnownFileType = sourcecode.swift; path = PostcardPlusTests.swift; sourceTree = "<group>"; };
/* End PBXFileReference section */

/* Begin PBXFrameworksBuildPhase section */
		B4C654A01AB9E47500A889F9 /* Frameworks */ = {
			isa = PBXFrameworksBuildPhase;
			buildActionMask = 2147483647;
			files = (
			);
			runOnlyForDeploymentPostprocessing = 0;
		};
		B4C654B51AB9E47600A889F9 /* Frameworks */ = {
			isa = PBXFrameworksBuildPhase;
			buildActionMask = 2147483647;
			files = (
			);
			runOnlyForDeploymentPostprocessing = 0;
		};
/* End PBXFrameworksBuildPhase section */

/* Begin PBXGroup section */
		B4C6549A1AB9E47500A889F9 = {
			isa = PBXGroup;
			children = (
				B4C654A51AB9E47500A889F9 /* PostcardPlus */,
				B4C654BB1AB9E47600A889F9 /* PostcardPlusTests */,
				B4C654A41AB9E47500A889F9 /* Products */,
			);
			sourceTree = "<group>";
		};
		B4C654A41AB9E47500A889F9 /* Products */ = {
			isa = PBXGroup;
			children = (
				B4C654A31AB9E47500A889F9 /* PostcardPlus.app */,
				B4C654B81AB9E47600A889F9 /* PostcardPlusTests.xctest */,
			);
			name = Products;
			sourceTree = "<group>";
		};
		B4C654A51AB9E47500A889F9 /* PostcardPlus */ = {
			isa = PBXGroup;
			children = (
				B4C654A81AB9E47500A889F9 /* AppDelegate.swift */,
				B4C654AA1AB9E47600A889F9 /* ViewController.swift */,
				B4C654AC1AB9E47600A889F9 /* Main.storyboard */,
				B4C654AF1AB9E47600A889F9 /* Images.xcassets */,
				B4C654B11AB9E47600A889F9 /* LaunchScreen.xib */,
				B4C654A61AB9E47500A889F9 /* Supporting Files */,
			);
			path = PostcardPlus;
			sourceTree = "<group>";
		};
		B4C654A61AB9E47500A889F9 /* Supporting Files */ = {
			isa = PBXGroup;
			children = (
				B4C654A71AB9E47500A889F9 /* Info.plist */,
			);
			name = "Supporting Files";
			sourceTree = "<group>";
		};
		B4C654BB1AB9E47600A889F9 /* PostcardPlusTests */ = {
			isa = PBXGroup;
			children = (
				B4C654BE1AB9E47600A889F9 /* PostcardPlusTests.swift */,
				B4C654BC1AB9E47600A889F9 /* Supporting Files */,
			);
			path = PostcardPlusTests;
			sourceTree = "<group>";
		};
		B4C654BC1AB9E47600A889F9 /* Supporting Files */ = {
			isa = PBXGroup;
			children = (
				B4C654BD1AB9E47600A889F9 /* Info.plist */,
			);
			name = "Supporting Files";
			sourceTree = "<group>";
		};
/* End PBXGroup section */

/* Begin PBXNativeTarget section */
		B4C654A21AB9E47500A889F9 /* PostcardPlus */ = {
			isa = PBXNativeTarget;
			buildConfigurationList = B4C654C21AB9E47600A889F9 /* Build configuration list for PBXNativeTarget "PostcardPlus" */;
			buildPhases = (
				B4C6549F1AB9E47500A889F9 /* Sources */,
				B4C654A01AB9E47500A889F9 /* Frameworks */,
				B4C654A11AB9E47500A889F9 /* Resources */,
			);
			buildRules = (
			);
			dependencies = (
			);
			name = PostcardPlus;
			productName = PostcardPlus;
			productReference = B4C654A31AB9E47500A889F9 /* PostcardPlus.app */;
			productType = "com.apple.product-type.application";
		};
		B4C654B71AB9E47600A889F9 /* PostcardPlusTests */ = {
			isa = PBXNativeTarget;
			buildConfigurationList = B4C654C51AB9E47600A889F9 /* Build configuration list for PBXNativeTarget "PostcardPlusTests" */;
			buildPhases = (
				B4C654B41AB9E47600A889F9 /* Sources */,
				B4C654B51AB9E47600A889F9 /* Frameworks */,
				B4C654B61AB9E47600A889F9 /* Resources */,
			);
			buildRules = (
			);
			dependencies = (
				B4C654BA1AB9E47600A889F9 /* PBXTargetDependency */,
			);
			name = PostcardPlusTests;
			productName = PostcardPlusTests;
			productReference = B4C654B81AB9E47600A889F9 /* PostcardPlusTests.xctest */;
			productType = "com.apple.product-type.bundle.unit-test";
		};
/* End PBXNativeTarget section */

/* Begin PBXProject section */
		B4C6549B1AB9E47500A889F9 /* Project object */ = {
			isa = PBXProject;
			attributes = {
				LastUpgradeCheck = 0620;
				ORGANIZATIONNAME = "bitfountain-student";
				TargetAttributes = {
					B4C654A21AB9E47500A889F9 = {
						CreatedOnToolsVersion = 6.2;
					};
					B4C654B71AB9E47600A889F9 = {
						CreatedOnToolsVersion = 6.2;
						TestTargetID = B4C654A21AB9E47500A889F9;
					};
				};
			};
			buildConfigurationList = B4C6549E1AB9E47500A889F9 /* Build configuration list for PBXProject "PostcardPlus" */;
			compatibilityVersion = "Xcode 3.2";
			developmentRegion = English;
			hasScannedForEncodings = 0;
			knownRegions = (
				en,
				Base,
			);
			mainGroup = B4C6549A1AB9E47500A889F9;
			productRefGroup = B4C654A41AB9E47500A889F9 /* Products */;
			projectDirPath = "";
			projectRoot = "";
			targets = (
				B4C654A21AB9E47500A889F9 /* PostcardPlus */,
				B4C654B71AB9E47600A889F9 /* PostcardPlusTests */,
			);
		};
/* End PBXProject section */

/* Begin PBXResourcesBuildPhase section */
		B4C654A11AB9E47500A889F9 /* Resources */ = {
			isa = PBXResourcesBuildPhase;
			buildActionMask = 2147483647;
			files = (
				B4C654AE1AB9E47600A889F9 /* Main.storyboard in Resources */,
				B4C654B31AB9E47600A889F9 /* LaunchScreen.xib in Resources */,
				B4C654B01AB9E47600A889F9 /* Images.xcassets in Resources */,
			);
			runOnlyForDeploymentPostprocessing = 0;
		};
		B4C654B61AB9E47600A889F9 /* Resources */ = {
			isa = PBXResourcesBuildPhase;
			buildActionMask = 2147483647;
			files = (
			);
			runOnlyForDeploymentPostprocessing = 0;
		};
/* End PBXResourcesBuildPhase section */

/* Begin PBXSourcesBuildPhase section */
		B4C6549F1AB9E47500A889F9 /* Sources */ = {
			isa = PBXSourcesBuildPhase;
			buildActionMask = 2147483647;
			files = (
				B4C654AB1AB9E47600A889F9 /* ViewController.swift in Sources */,
				B4C654A91AB9E47500A889F9 /* AppDelegate.swift in Sources */,
			);
			runOnlyForDeploymentPostprocessing = 0;
		};
		B4C654B41AB9E47600A889F9 /* Sources */ = {
			isa = PBXSourcesBuildPhase;
			buildActionMask = 2147483647;
			files = (
				B4C654BF1AB9E47600A889F9 /* PostcardPlusTests.swift in Sources */,
			);
			runOnlyForDeploymentPostprocessing = 0;
		};
/* End PBXSourcesBuildPhase section */

/* Begin PBXTargetDependency section */
		B4C654BA1AB9E47600A889F9 /* PBXTargetDependency */ = {
			isa = PBXTargetDependency;
			target = B4C654A21AB9E47500A889F9 /* PostcardPlus */;
			targetProxy = B4C654B91AB9E47600A889F9 /* PBXContainerItemProxy */;
		};
/* End PBXTargetDependency section */

/* Begin PBXVariantGroup section */
		B4C654AC1AB9E47600A889F9 /* Main.storyboard */ = {
			isa = PBXVariantGroup;
			children = (
				B4C654AD1AB9E47600A889F9 /* Base */,
			);
			name = Main.storyboard;
			sourceTree = "<group>";
		};
		B4C654B11AB9E47600A889F9 /* LaunchScreen.xib */ = {
			isa = PBXVariantGroup;
			children = (
				B4C654B21AB9E47600A889F9 /* Base */,
			);
			name = LaunchScreen.xib;
			sourceTree = "<group>";
		};
/* End PBXVariantGroup section */

/* Begin XCBuildConfiguration section */
		B4C654C01AB9E47600A889F9 /* Debug */ = {
			isa = XCBuildConfiguration;
			buildSettings = {
				ALWAYS_SEARCH_USER_PATHS = NO;
				CLANG_CXX_LANGUAGE_STANDARD = "gnu++0x";
				CLANG_CXX_LIBRARY = "libc++";
				CLANG_ENABLE_MODULES = YES;
				CLANG_ENABLE_OBJC_ARC = YES;
				CLANG_WARN_BOOL_CONVERSION = YES;
				CLANG_WARN_CONSTANT_CONVERSION = YES;
				CLANG_WARN_DIRECT_OBJC_ISA_USAGE = YES_ERROR;
				CLANG_WARN_EMPTY_BODY = YES;
				CLANG_WARN_ENUM_CONVERSION = YES;
				CLANG_WARN_INT_CONVERSION = YES;
				CLANG_WARN_OBJC_ROOT_CLASS = YES_ERROR;
				CLANG_WARN_UNREACHABLE_CODE = YES;
				CLANG_WARN__DUPLICATE_METHOD_MATCH = YES;
				"CODE_SIGN_IDENTITY[sdk=iphoneos*]" = "iPhone Developer";
				COPY_PHASE_STRIP = NO;
				ENABLE_STRICT_OBJC_MSGSEND = YES;
				GCC_C_LANGUAGE_STANDARD = gnu99;
				GCC_DYNAMIC_NO_PIC = NO;
				GCC_OPTIMIZATION_LEVEL = 0;
				GCC_PREPROCESSOR_DEFINITIONS = (
					"DEBUG=1",
					"$(inherited)",
				);
				GCC_SYMBOLS_PRIVATE_EXTERN = NO;
				GCC_WARN_64_TO_32_BIT_CONVERSION = YES;
				GCC_WARN_ABOUT_RETURN_TYPE = YES_ERROR;
				GCC_WARN_UNDECLARED_SELECTOR = YES;
				GCC_WARN_UNINITIALIZED_AUTOS = YES_AGGRESSIVE;
				GCC_WARN_UNUSED_FUNCTION = YES;
				GCC_WARN_UNUSED_VARIABLE = YES;
				IPHONEOS_DEPLOYMENT_TARGET = 8.2;
				MTL_ENABLE_DEBUG_INFO = YES;
				ONLY_ACTIVE_ARCH = YES;
				SDKROOT = iphoneos;
				SWIFT_OPTIMIZATION_LEVEL = "-Onone";
			};
			name = Debug;
		};
		B4C654C11AB9E47600A889F9 /* Release */ = {
			isa = XCBuildConfiguration;
			buildSettings = {
				ALWAYS_SEARCH_USER_PATHS = NO;
				CLANG_CXX_LANGUAGE_STANDARD = "gnu++0x";
				CLANG_CXX_LIBRARY = "libc++";
				CLANG_ENABLE_MODULES = YES;
				CLANG_ENABLE_OBJC_ARC = YES;
				CLANG_WARN_BOOL_CONVERSION = YES;
				CLANG_WARN_CONSTANT_CONVERSION = YES;
				CLANG_WARN_DIRECT_OBJC_ISA_USAGE = YES_ERROR;
				CLANG_WARN_EMPTY_BODY = YES;
				CLANG_WARN_ENUM_CONVERSION = YES;
				CLANG_WARN_INT_CONVERSION = YES;
				CLANG_WARN_OBJC_ROOT_CLASS = YES_ERROR;
				CLANG_WARN_UNREACHABLE_CODE = YES;
				CLANG_WARN__DUPLICATE_METHOD_MATCH = YES;
				"CODE_SIGN_IDENTITY[sdk=iphoneos*]" = "iPhone Developer";
				COPY_PHASE_STRIP = NO;
				ENABLE_NS_ASSERTIONS = NO;
				ENABLE_STRICT_OBJC_MSGSEND = YES;
				GCC_C_LANGUAGE_STANDARD = gnu99;
				GCC_WARN_64_TO_32_BIT_CONVERSION = YES;
				GCC_WARN_ABOUT_RETURN_TYPE = YES_ERROR;
				GCC_WARN_UNDECLARED_SELECTOR = YES;
				GCC_WARN_UNINITIALIZED_AUTOS = YES_AGGRESSIVE;
				GCC_WARN_UNUSED_FUNCTION = YES;
				GCC_WARN_UNUSED_VARIABLE = YES;
				IPHONEOS_DEPLOYMENT_TARGET = 8.2;
				MTL_ENABLE_DEBUG_INFO = NO;
				SDKROOT = iphoneos;
				VALIDATE_PRODUCT = YES;
			};
			name = Release;
		};
		B4C654C31AB9E47600A889F9 /* Debug */ = {
			isa = XCBuildConfiguration;
			buildSettings = {
				ASSETCATALOG_COMPILER_APPICON_NAME = AppIcon;
				INFOPLIST_FILE = PostcardPlus/Info.plist;
				LD_RUNPATH_SEARCH_PATHS = "$(inherited) @executable_path/Frameworks";
				PRODUCT_NAME = "$(TARGET_NAME)";
			};
			name = Debug;
		};
		B4C654C41AB9E47600A889F9 /* Release */ = {
			isa = XCBuildConfiguration;
			buildSettings = {
				ASSETCATALOG_COMPILER_APPICON_NAME = AppIcon;
				INFOPLIST_FILE = PostcardPlus/Info.plist;
				LD_RUNPATH_SEARCH_PATHS = "$(inherited) @executable_path/Frameworks";
				PRODUCT_NAME = "$(TARGET_NAME)";
			};
			name = Release;
		};
		B4C654C61AB9E47600A889F9 /* Debug */ = {
			isa = XCBuildConfiguration;
			buildSettings = {
				BUNDLE_LOADER = "$(TEST_HOST)";
				FRAMEWORK_SEARCH_PATHS = (
					"$(SDKROOT)/Developer/Library/Frameworks",
					"$(inherited)",
				);
				GCC_PREPROCESSOR_DEFINITIONS = (
					"DEBUG=1",
					"$(inherited)",
				);
				INFOPLIST_FILE = PostcardPlusTests/Info.plist;
				LD_RUNPATH_SEARCH_PATHS = "$(inherited) @executable_path/Frameworks @loader_path/Frameworks";
				PRODUCT_NAME = "$(TARGET_NAME)";
				TEST_HOST = "$(BUILT_PRODUCTS_DIR)/PostcardPlus.app/PostcardPlus";
			};
			name = Debug;
		};
		B4C654C71AB9E47600A889F9 /* Release */ = {
			isa = XCBuildConfiguration;
			buildSettings = {
				BUNDLE_LOADER = "$(TEST_HOST)";
				FRAMEWORK_SEARCH_PATHS = (
					"$(SDKROOT)/Developer/Library/Frameworks",
					"$(inherited)",
				);
				INFOPLIST_FILE = PostcardPlusTests/Info.plist;
				LD_RUNPATH_SEARCH_PATHS = "$(inherited) @executable_path/Frameworks @loader_path/Frameworks";
				PRODUCT_NAME = "$(TARGET_NAME)";
				TEST_HOST = "$(BUILT_PRODUCTS_DIR)/PostcardPlus.app/PostcardPlus";
			};
			name = Release;
		};
/* End XCBuildConfiguration section */

/* Begin XCConfigurationList section */
		B4C6549E1AB9E47500A889F9 /* Build configuration list for PBXProject "PostcardPlus" */ = {
			isa = XCConfigurationList;
			buildConfigurations = (
				B4C654C01AB9E47600A889F9 /* Debug */,
				B4C654C11AB9E47600A889F9 /* Release */,
			);
			defaultConfigurationIsVisible = 0;
			defaultConfigurationName = Release;
		};
		B4C654C21AB9E47600A889F9 /* Build configuration list for PBXNativeTarget "PostcardPlus" */ = {
			isa = XCConfigurationList;
			buildConfigurations = (
				B4C654C31AB9E47600A889F9 /* Debug */,
				B4C654C41AB9E47600A889F9 /* Release */,
			);
			defaultConfigurationIsVisible = 0;
		};
		B4C654C51AB9E47600A889F9 /* Build configuration list for PBXNativeTarget "PostcardPlusTests" */ = {
			isa = XCConfigurationList;
			buildConfigurations = (
				B4C654C61AB9E47600A889F9 /* Debug */,
				B4C654C71AB9E47600A889F9 /* Release */,
			);
			defaultConfigurationIsVisible = 0;
		};
/* End XCConfigurationList section */
	};
	rootObject = B4C6549B1AB9E47500A889F9 /* Project object */;
}
